
Microsoft Visual Studio Solution File, Format Version 12.00
# Visual Studio Version 17
VisualStudioVersion = 17.14.36908.2 d17.14
MinimumVisualStudioVersion = 10.0.40219.1
Project("{FAE04EC0-301F-11D3-BF4B-00C04F79EFBC}") = "WindowsFormsApp18", "WindowsFormsApp18\WindowsFormsApp18.csproj", "{E0230267-1971-4D1B-AE3F-43CA83F1DE03}"
EndProject
Global
	GlobalSection(SolutionConfigurationPlatforms) = preSolution
		Debug|Any CPU = Debug|Any CPU
		Release|Any CPU = Release|Any CPU
	EndGlobalSection
	GlobalSection(ProjectConfigurationPlatforms) = postSolution
		{E0230267-1971-4D1B-AE3F-43CA83F1DE03}.Debug|Any CPU.ActiveCfg = Debug|Any CPU
		{E0230267-1971-4D1B-AE3F-43CA83F1DE03}.Debug|Any CPU.Build.0 = Debug|Any CPU
		{E0230267-1971-4D1B-AE3F-43CA83F1DE03}.Release|Any CPU.ActiveCfg = Release|Any CPU
		{E0230267-1971-4D1B-AE3F-43CA83F1DE03}.Release|Any CPU.Build.0 = Release|Any CPU
	EndGlobalSection
	GlobalSection(SolutionProperties) = preSolution
		HideSolutionNode = FALSE
	EndGlobalSection
	GlobalSection(ExtensibilityGlobals) = postSolution
		SolutionGuid = {FEF41AD6-063F-42A5-9B6D-9B460289E1FC}
	EndGlobalSection
EndGlobal
